PODS:
  - Capacitor (8.5.2):
    - CapacitorCordova
  - CapacitorCommunityAdmob (8.1.0):
    - Capacitor
    - Google-Mobile-Ads-SDK (= 13.6.0)
    - GoogleUserMessagingPlatform (~> 3.1)
  - CapacitorCordova (8.5.2)
  - Google-Mobile-Ads-SDK (13.6.0):
    - GoogleUserMessagingPlatform (>= 1.1)
  - GoogleUserMessagingPlatform (3.1.0)
  - PurchasesHybridCommon (19.3.1):
    - RevenueCat (= 5.90.2)
  - RevenueCat (5.90.2)
  - RevenuecatPurchasesCapacitor (13.6.1):
    - Capacitor
    - PurchasesHybridCommon (= 19.3.1)
  - Sentry (9.16.1):
    - Sentry/Core (= 9.16.1)
  - Sentry/Core (9.16.1)
  - SentryCapacitor (4.3.0):
    - Capacitor
    - Sentry (= 9.16.1)

DEPENDENCIES:
  - "Capacitor (from `../../node_modules/@capacitor/ios`)"
  - "CapacitorCommunityAdmob (from `../../node_modules/@capacitor-community/admob`)"
  - "CapacitorCordova (from `../../node_modules/@capacitor/ios`)"
  - "RevenuecatPurchasesCapacitor (from `../../node_modules/@revenuecat/purchases-capacitor`)"
  - "SentryCapacitor (from `../../node_modules/@sentry/capacitor`)"

SPEC REPOS:
  trunk:
    - Google-Mobile-Ads-SDK
    - GoogleUserMessagingPlatform
    - PurchasesHybridCommon
    - RevenueCat
    - Sentry

EXTERNAL SOURCES:
  Capacitor:
    :path: "../../node_modules/@capacitor/ios"
  CapacitorCommunityAdmob:
    :path: "../../node_modules/@capacitor-community/admob"
  CapacitorCordova:
    :path: "../../node_modules/@capacitor/ios"
  RevenuecatPurchasesCapacitor:
    :path: "../../node_modules/@revenuecat/purchases-capacitor"
  SentryCapacitor:
    :path: "../../node_modules/@sentry/capacitor"

SPEC CHECKSUMS:
  Capacitor: 89067779e14fb7ea56af07b4817f45d1f0c2a269
  CapacitorCommunityAdmob: 6af78978278c429d21cb6ac604acefe7d99c054d
  CapacitorCordova: 5bec5648cbd09a176ce34ce5e7b6cdabb2c8a327
  Google-Mobile-Ads-SDK: 6e501ace4af8d63e967bd45497c8b2b05821163d
  GoogleUserMessagingPlatform: befe603da6501006420c206222acd449bba45a9c
  PurchasesHybridCommon: c364d4198150bf4027b00fcada9b4ddc280df108
  RevenueCat: c44e15b3ee88506da1fdf537c62a6c239cc41b21
  RevenuecatPurchasesCapacitor: 961e591ce1f85e55ce3de9d088278d6c6e8386a3
  Sentry: e5d82a3c1f2d951f75c04c57215a0abb1facbd51
  SentryCapacitor: 0561def7ada7e47d0437324e7aa3db60d52bfe40

PODFILE CHECKSUM: 03cc2ec8789f59feb87861ea63049ea4a021736f

COCOAPODS: 1.17.0
